
Microsoft Visual Studio Solution File, Format Version 12.00
# Visual Studio Version 16
VisualStudioVersion = 16.0.29102.190
MinimumVisualStudioVersion = 15.0.26124.0
Project("{9A19103F-16F7-4668-BE54-9A1E7A4F7556}") = "Sde.Team.Specs", "Sde.Team.Specs\Sde.Team.Specs.csproj", "{95480A73-6B38-4DFD-9593-74BA90A81819}"
EndProject
Project("{FAE04EC0-301F-11D3-BF4B-00C04F79EFBC}") = "Sde.Specs", "Sde.Specs\Sde.Specs.csproj", "{A2E5D80A-3A61-4773-A878-455F818F3520}"
EndProject
Global
	GlobalSection(SolutionConfigurationPlatforms) = preSolution
		Debug|Any CPU = Debug|Any CPU
		Debug|x64 = Debug|x64
		Debug|x86 = Debug|x86
		Release|Any CPU = Release|Any CPU
		Release|x64 = Release|x64
		Release|x86 = Release|x86
	EndGlobalSection
	GlobalSection(ProjectConfigurationPlatforms) = postSolution
		{95480A73-6B38-4DFD-9593-74BA90A81819}.Debug|Any CPU.ActiveCfg = Debug|Any CPU
		{95480A73-6B38-4DFD-9593-74BA90A81819}.Debug|Any CPU.Build.0 = Debug|Any CPU
		{95480A73-6B38-4DFD-9593-74BA90A81819}.Debug|x64.ActiveCfg = Debug|Any CPU
		{95480A73-6B38-4DFD-9593-74BA90A81819}.Debug|x64.Build.0 = Debug|Any CPU
		{95480A73-6B38-4DFD-9593-74BA90A81819}.Debug|x86.ActiveCfg = Debug|Any CPU
		{95480A73-6B38-4DFD-9593-74BA90A81819}.Debug|x86.Build.0 = Debug|Any CPU
		{95480A73-6B38-4DFD-9593-74BA90A81819}.Release|Any CPU.ActiveCfg = Release|Any CPU
		{95480A73-6B38-4DFD-9593-74BA90A81819}.Release|Any CPU.Build.0 = Release|Any CPU
		{95480A73-6B38-4DFD-9593-74BA90A81819}.Release|x64.ActiveCfg = Release|Any CPU
		{95480A73-6B38-4DFD-9593-74BA90A81819}.Release|x64.Build.0 = Release|Any CPU
		{95480A73-6B38-4DFD-9593-74BA90A81819}.Release|x86.ActiveCfg = Release|Any CPU
		{95480A73-6B38-4DFD-9593-74BA90A81819}.Release|x86.Build.0 = Release|Any CPU
		{A2E5D80A-3A61-4773-A878-455F818F3520}.Debug|Any CPU.ActiveCfg = Debug|Any CPU
		{A2E5D80A-3A61-4773-A878-455F818F3520}.Debug|Any CPU.Build.0 = Debug|Any CPU
		{A2E5D80A-3A61-4773-A878-455F818F3520}.Debug|x64.ActiveCfg = Debug|Any CPU
		{A2E5D80A-3A61-4773-A878-455F818F3520}.Debug|x64.Build.0 = Debug|Any CPU
		{A2E5D80A-3A61-4773-A878-455F818F3520}.Debug|x86.ActiveCfg = Debug|Any CPU
		{A2E5D80A-3A61-4773-A878-455F818F3520}.Debug|x86.Build.0 = Debug|Any CPU
		{A2E5D80A-3A61-4773-A878-455F818F3520}.Release|Any CPU.ActiveCfg = Release|Any CPU
		{A2E5D80A-3A61-4773-A878-455F818F3520}.Release|Any CPU.Build.0 = Release|Any CPU
		{A2E5D80A-3A61-4773-A878-455F818F3520}.Release|x64.ActiveCfg = Release|Any CPU
		{A2E5D80A-3A61-4773-A878-455F818F3520}.Release|x64.Build.0 = Release|Any CPU
		{A2E5D80A-3A61-4773-A878-455F818F3520}.Release|x86.ActiveCfg = Release|Any CPU
		{A2E5D80A-3A61-4773-A878-455F818F3520}.Release|x86.Build.0 = Release|Any CPU
	EndGlobalSection
	GlobalSection(SolutionProperties) = preSolution
		HideSolutionNode = FALSE
	EndGlobalSection
	GlobalSection(ExtensibilityGlobals) = postSolution
		SolutionGuid = {0F13DA6C-14DE-4C23-A39A-A1A6CB77DAA0}
	EndGlobalSection
EndGlobal
